
Microsoft Visual Studio Solution File, Format Version 12.00
# Visual Studio 15
VisualStudioVersion = 15.0.27130.2020
MinimumVisualStudioVersion = 10.0.40219.1
Project("{FAE04EC0-301F-11D3-BF4B-00C04F79EFBC}") = "WpfTest", "WpfTest\WpfTest.csproj", "{2C5F172B-F1F1-476F-8CE1-9BB31E089F5A}"
EndProject
Project("{FAE04EC0-301F-11D3-BF4B-00C04F79EFBC}") = "ClassLibrary", "ClassLibrary\ClassLibrary.csproj", "{982F74B6-087F-46EC-A144-8AE814219698}"
EndProject
Global
	GlobalSection(SolutionConfigurationPlatforms) = preSolution
		Debug|Any CPU = Debug|Any CPU
		Release|Any CPU = Release|Any CPU
	EndGlobalSection
	GlobalSection(ProjectConfigurationPlatforms) = postSolution
		{2C5F172B-F1F1-476F-8CE1-9BB31E089F5A}.Debug|Any CPU.ActiveCfg = Debug|Any CPU
		{2C5F172B-F1F1-476F-8CE1-9BB31E089F5A}.Debug|Any CPU.Build.0 = Debug|Any CPU
		{2C5F172B-F1F1-476F-8CE1-9BB31E089F5A}.Release|Any CPU.ActiveCfg = Release|Any CPU
		{2C5F172B-F1F1-476F-8CE1-9BB31E089F5A}.Release|Any CPU.Build.0 = Release|Any CPU
		{982F74B6-087F-46EC-A144-8AE814219698}.Debug|Any CPU.ActiveCfg = Debug|Any CPU
		{982F74B6-087F-46EC-A144-8AE814219698}.Debug|Any CPU.Build.0 = Debug|Any CPU
		{982F74B6-087F-46EC-A144-8AE814219698}.Release|Any CPU.ActiveCfg = Release|Any CPU
		{982F74B6-087F-46EC-A144-8AE814219698}.Release|Any CPU.Build.0 = Release|Any CPU
	EndGlobalSection
	GlobalSection(SolutionProperties) = preSolution
		HideSolutionNode = FALSE
	EndGlobalSection
	GlobalSection(ExtensibilityGlobals) = postSolution
		SolutionGuid = {149E93A0-52A9-4632-A235-7F5A1296DCDC}
	EndGlobalSection
EndGlobal
